{
  "name": "api-server",
  "version": "1.0.0",
  "lockfileVersion": 2,
  "requires": true,
  "packages": {
    "": {
      "name": "api-server",
      "version": "1.0.0",
      "license": "ISC",
      "dependencies": {
        "metautil": "^3.5.19"
      },
      "devDependencies": {
        "prettier": "2.6.2"
      }
    },
    "node_modules/metautil": {
      "version": "3.5.19",
      "resolved": "https://registry.npmjs.org/metautil/-/metautil-3.5.19.tgz",
      "integrity": "sha512-LmXRXuJhRAVw+Jea6gjFMXq2oUMKMFd+QOYhb3AsMy8nEjhaoFrZPKEzEapDk6aeqyP4pRDB8r6qQrSK6ms9GA==",
      "engines": {
        "node": "^12.9 || 14 || 16 || 17"
      },
      "funding": {
        "type": "patreon",
        "url": "https://www.patreon.com/tshemsedinov"
      }
    },
    "node_modules/prettier": {
      "version": "2.6.2",
      "resolved": "https://registry.npmjs.org/prettier/-/prettier-2.6.2.tgz",
      "integrity": "sha512-PkUpF+qoXTqhOeWL9fu7As8LXsIUZ1WYaJiY/a7McAQzxjk82OF0tibkFXVCDImZtWxbvojFjerkiLb0/q8mew==",
      "dev": true,
      "bin": {
        "prettier": "bin-prettier.js"
      },
      "engines": {
        "node": ">=10.13.0"
      },
      "funding": {
        "url": "https://github.com/prettier/prettier?sponsor=1"
      }
    }
  },
  "dependencies": {
    "metautil": {
      "version": "3.5.19",
      "resolved": "https://registry.npmjs.org/metautil/-/metautil-3.5.19.tgz",
      "integrity": "sha512-LmXRXuJhRAVw+Jea6gjFMXq2oUMKMFd+QOYhb3AsMy8nEjhaoFrZPKEzEapDk6aeqyP4pRDB8r6qQrSK6ms9GA=="
    },
    "prettier": {
      "version": "2.6.2",
      "resolved": "https://registry.npmjs.org/prettier/-/prettier-2.6.2.tgz",
      "integrity": "sha512-PkUpF+qoXTqhOeWL9fu7As8LXsIUZ1WYaJiY/a7McAQzxjk82OF0tibkFXVCDImZtWxbvojFjerkiLb0/q8mew==",
      "dev": true
    }
  }
}
