{
  "name": "api-server",
  "version": "1.0.0",
  "lockfileVersion": 2,
  "requires": true,
  "packages": {
    "": {
      "name": "api-server",
      "version": "1.0.0",
      "license": "ISC",
      "dependencies": {
        "metautil": "^3.5.19"
      }
    },
    "node_modules/metautil": {
      "version": "3.5.19",
      "resolved": "https://registry.npmjs.org/metautil/-/metautil-3.5.19.tgz",
      "integrity": "sha512-LmXRXuJhRAVw+Jea6gjFMXq2oUMKMFd+QOYhb3AsMy8nEjhaoFrZPKEzEapDk6aeqyP4pRDB8r6qQrSK6ms9GA==",
      "engines": {
        "node": "^12.9 || 14 || 16 || 17"
      },
      "funding": {
        "type": "patreon",
        "url": "https://www.patreon.com/tshemsedinov"
      }
    }
  },
  "dependencies": {
    "metautil": {
      "version": "3.5.19",
      "resolved": "https://registry.npmjs.org/metautil/-/metautil-3.5.19.tgz",
      "integrity": "sha512-LmXRXuJhRAVw+Jea6gjFMXq2oUMKMFd+QOYhb3AsMy8nEjhaoFrZPKEzEapDk6aeqyP4pRDB8r6qQrSK6ms9GA=="
    }
  }
}
